
Microsoft Visual Studio Solution File, Format Version 12.00
# Visual Studio Version 17
VisualStudioVersion = 17.9.34607.119
MinimumVisualStudioVersion = 10.0.40219.1
Project("{FAE04EC0-301F-11D3-BF4B-00C04F79EFBC}") = "ConsoleApp2-9", "ConsoleApp2-9\ConsoleApp2-9.csproj", "{22500760-458C-4739-B5A6-F14FFC9F3E4D}"
EndProject
Project("{FAE04EC0-301F-11D3-BF4B-00C04F79EFBC}") = "Client", "Client\Client.csproj", "{93B6141C-DED3-4F87-80AC-3F8EC45C596C}"
EndProject
Global
	GlobalSection(SolutionConfigurationPlatforms) = preSolution
		Debug|Any CPU = Debug|Any CPU
		Release|Any CPU = Release|Any CPU
	EndGlobalSection
	GlobalSection(ProjectConfigurationPlatforms) = postSolution
		{22500760-458C-4739-B5A6-F14FFC9F3E4D}.Debug|Any CPU.ActiveCfg = Debug|Any CPU
		{22500760-458C-4739-B5A6-F14FFC9F3E4D}.Debug|Any CPU.Build.0 = Debug|Any CPU
		{22500760-458C-4739-B5A6-F14FFC9F3E4D}.Release|Any CPU.ActiveCfg = Release|Any CPU
		{22500760-458C-4739-B5A6-F14FFC9F3E4D}.Release|Any CPU.Build.0 = Release|Any CPU
		{93B6141C-DED3-4F87-80AC-3F8EC45C596C}.Debug|Any CPU.ActiveCfg = Debug|Any CPU
		{93B6141C-DED3-4F87-80AC-3F8EC45C596C}.Debug|Any CPU.Build.0 = Debug|Any CPU
		{93B6141C-DED3-4F87-80AC-3F8EC45C596C}.Release|Any CPU.ActiveCfg = Release|Any CPU
		{93B6141C-DED3-4F87-80AC-3F8EC45C596C}.Release|Any CPU.Build.0 = Release|Any CPU
	EndGlobalSection
	GlobalSection(SolutionProperties) = preSolution
		HideSolutionNode = FALSE
	EndGlobalSection
	GlobalSection(ExtensibilityGlobals) = postSolution
		SolutionGuid = {445E973C-4AA6-429E-8FED-55C239025E18}
	EndGlobalSection
EndGlobal
